
Microsoft Visual Studio Solution File, Format Version 12.00
# Visual Studio Version 17
VisualStudioVersion = 17.14.36401.2
MinimumVisualStudioVersion = 10.0.40219.1
Project("{FAE04EC0-301F-11D3-BF4B-00C04F79EFBC}") = "AVcore", "AVcore\AVcore.csproj", "{B7994B8E-4E51-449C-9B03-B5B15CEE1BEA}"
EndProject
Project("{FAE04EC0-301F-11D3-BF4B-00C04F79EFBC}") = "AVcli", "AVcli\AVcli.csproj", "{DBBDBAEE-2457-47F2-B05B-26CD393A54C5}"
EndProject
Project("{FAE04EC0-301F-11D3-BF4B-00C04F79EFBC}") = "AV_wpf", "AV_wpf\AV_wpf.csproj", "{213EA4F1-1729-4818-A009-D20B45977B39}"
EndProject
Global
	GlobalSection(SolutionConfigurationPlatforms) = preSolution
		Debug|Any CPU = Debug|Any CPU
		Release|Any CPU = Release|Any CPU
	EndGlobalSection
	GlobalSection(ProjectConfigurationPlatforms) = postSolution
		{B7994B8E-4E51-449C-9B03-B5B15CEE1BEA}.Debug|Any CPU.ActiveCfg = Debug|Any CPU
		{B7994B8E-4E51-449C-9B03-B5B15CEE1BEA}.Debug|Any CPU.Build.0 = Debug|Any CPU
		{B7994B8E-4E51-449C-9B03-B5B15CEE1BEA}.Release|Any CPU.ActiveCfg = Release|Any CPU
		{B7994B8E-4E51-449C-9B03-B5B15CEE1BEA}.Release|Any CPU.Build.0 = Release|Any CPU
		{DBBDBAEE-2457-47F2-B05B-26CD393A54C5}.Debug|Any CPU.ActiveCfg = Debug|Any CPU
		{DBBDBAEE-2457-47F2-B05B-26CD393A54C5}.Debug|Any CPU.Build.0 = Debug|Any CPU
		{DBBDBAEE-2457-47F2-B05B-26CD393A54C5}.Release|Any CPU.ActiveCfg = Release|Any CPU
		{DBBDBAEE-2457-47F2-B05B-26CD393A54C5}.Release|Any CPU.Build.0 = Release|Any CPU
		{213EA4F1-1729-4818-A009-D20B45977B39}.Debug|Any CPU.ActiveCfg = Debug|Any CPU
		{213EA4F1-1729-4818-A009-D20B45977B39}.Debug|Any CPU.Build.0 = Debug|Any CPU
		{213EA4F1-1729-4818-A009-D20B45977B39}.Release|Any CPU.ActiveCfg = Release|Any CPU
		{213EA4F1-1729-4818-A009-D20B45977B39}.Release|Any CPU.Build.0 = Release|Any CPU
	EndGlobalSection
	GlobalSection(SolutionProperties) = preSolution
		HideSolutionNode = FALSE
	EndGlobalSection
	GlobalSection(ExtensibilityGlobals) = postSolution
		SolutionGuid = {AB0C0783-54C7-42EE-BA7C-0E82DFAAC112}
	EndGlobalSection
EndGlobal
